
Microsoft Visual Studio Solution File, Format Version 12.00
# Visual Studio Version 16
VisualStudioVersion = 16.0.31727.386
MinimumVisualStudioVersion = 10.0.40219.1
Project("{9A19103F-16F7-4668-BE54-9A1E7A4F7556}") = "Agenda_AspNet", "Agenda_AspNet\Agenda_AspNet.csproj", "{229D5C1B-02BF-4A0B-A6B5-3A4D2609406F}"
EndProject
Project("{FAE04EC0-301F-11D3-BF4B-00C04F79EFBC}") = "Agenda_AspNet_Api", "Agenda_AspNet_Api\Agenda_AspNet_Api.csproj", "{28E164F7-5014-4FB9-92F3-85A946A60D31}"
EndProject
Global
	GlobalSection(SolutionConfigurationPlatforms) = preSolution
		Debug|Any CPU = Debug|Any CPU
		Release|Any CPU = Release|Any CPU
	EndGlobalSection
	GlobalSection(ProjectConfigurationPlatforms) = postSolution
		{229D5C1B-02BF-4A0B-A6B5-3A4D2609406F}.Debug|Any CPU.ActiveCfg = Debug|Any CPU
		{229D5C1B-02BF-4A0B-A6B5-3A4D2609406F}.Debug|Any CPU.Build.0 = Debug|Any CPU
		{229D5C1B-02BF-4A0B-A6B5-3A4D2609406F}.Release|Any CPU.ActiveCfg = Release|Any CPU
		{229D5C1B-02BF-4A0B-A6B5-3A4D2609406F}.Release|Any CPU.Build.0 = Release|Any CPU
		{28E164F7-5014-4FB9-92F3-85A946A60D31}.Debug|Any CPU.ActiveCfg = Debug|Any CPU
		{28E164F7-5014-4FB9-92F3-85A946A60D31}.Debug|Any CPU.Build.0 = Debug|Any CPU
		{28E164F7-5014-4FB9-92F3-85A946A60D31}.Release|Any CPU.ActiveCfg = Release|Any CPU
		{28E164F7-5014-4FB9-92F3-85A946A60D31}.Release|Any CPU.Build.0 = Release|Any CPU
	EndGlobalSection
	GlobalSection(SolutionProperties) = preSolution
		HideSolutionNode = FALSE
	EndGlobalSection
	GlobalSection(ExtensibilityGlobals) = postSolution
		SolutionGuid = {1264CA9F-50D3-4BBC-8461-29ABF791D296}
	EndGlobalSection
EndGlobal
